
Microsoft Visual Studio Solution File, Format Version 12.00
# Visual Studio Version 17
VisualStudioVersion = 17.12.35527.113 d17.12
MinimumVisualStudioVersion = 10.0.40219.1
Project("{2150E333-8FDC-42A3-9474-1A3956D46DE8}") = "src", "src", "{1CE28CF3-B0AE-4A19-ACBD-15EBCB57C9A3}"
EndProject
Project("{2150E333-8FDC-42A3-9474-1A3956D46DE8}") = "Gateways", "Gateways", "{0086A7C8-4717-4AEB-AE5F-952DB34A3359}"
EndProject
Project("{2150E333-8FDC-42A3-9474-1A3956D46DE8}") = "Kernel", "Kernel", "{497D07FF-5EBD-4232-BE38-3DDAB6E9FA43}"
EndProject
Project("{2150E333-8FDC-42A3-9474-1A3956D46DE8}") = "Services", "Services", "{23A14013-E69A-4ACD-9051-6101A90B5B23}"
EndProject
Project("{2150E333-8FDC-42A3-9474-1A3956D46DE8}") = "Basket", "Basket", "{A9A78E56-D1A8-482F-B7A5-D86F7FB8D942}"
EndProject
Project("{2150E333-8FDC-42A3-9474-1A3956D46DE8}") = "Catalog", "Catalog", "{C5D8C489-63D2-43B3-A65E-FDAB2D9C774A}"
EndProject
Project("{2150E333-8FDC-42A3-9474-1A3956D46DE8}") = "Discount", "Discount", "{4CF61115-0D73-4C4F-8C48-B7EFABF11944}"
EndProject
Project("{2150E333-8FDC-42A3-9474-1A3956D46DE8}") = "Order", "Order", "{C1ACCE71-6778-4D6C-82FC-FBF59972FB11}"
EndProject
Project("{2150E333-8FDC-42A3-9474-1A3956D46DE8}") = "Identity", "Identity", "{B333D1DF-3D44-417B-B293-1EFAA64280AB}"
EndProject
Project("{FAE04EC0-301F-11D3-BF4B-00C04F79EFBC}") = "Moongazing.Vendio.Basket.Domain", "src\Services\Basket\Moongazing.Vendio.Basket.Domain\Moongazing.Vendio.Basket.Domain.csproj", "{32B3DC8B-1459-4DF6-9D44-EECF57A787C8}"
EndProject
Project("{2150E333-8FDC-42A3-9474-1A3956D46DE8}") = "Payment", "Payment", "{E312F70B-EC23-4BFF-8B9A-89364FC94A3E}"
EndProject
Project("{FAE04EC0-301F-11D3-BF4B-00C04F79EFBC}") = "Moongazing.Vendio.Basket.Application", "src\Services\Basket\Moongazing.Vendio.Basket.Application\Moongazing.Vendio.Basket.Application.csproj", "{F2A913DE-C512-4062-BFFF-44286398512B}"
EndProject
Project("{FAE04EC0-301F-11D3-BF4B-00C04F79EFBC}") = "Moongazing.Vendio.Basket.Persistence", "src\Services\Basket\Moongazing.Vendio.Basket.Persistence\Moongazing.Vendio.Basket.Persistence.csproj", "{01B17062-9AA1-4157-B709-D2E2C939EA22}"
EndProject
Project("{FAE04EC0-301F-11D3-BF4B-00C04F79EFBC}") = "Moongazing.Vendio.Basket.WebApi", "src\Services\Basket\Moongazing.Vendio.Basket.WebApi\Moongazing.Vendio.Basket.WebApi.csproj", "{93D4D4F6-B406-444C-878A-DA61B3D6E9AC}"
EndProject
Project("{FAE04EC0-301F-11D3-BF4B-00C04F79EFBC}") = "Moongazing.Kernel.Application", "src\Kernel\Moongazing.Kernel.Application\Moongazing.Kernel.Application.csproj", "{F9CD0B81-0E61-48AE-89C4-1175FC856EC7}"
EndProject
Project("{FAE04EC0-301F-11D3-BF4B-00C04F79EFBC}") = "Moongazing.Kernel.CrossCuttingConcerns", "src\Kernel\Moongazing.Kernel.CrossCuttingConcerns\Moongazing.Kernel.CrossCuttingConcerns.csproj", "{6B8CCA55-21F3-4028-A26B-F71A620A47A5}"
EndProject
Project("{FAE04EC0-301F-11D3-BF4B-00C04F79EFBC}") = "Moongazing.Kernel.Localization", "src\Kernel\Moongazing.Kernel.Localization\Moongazing.Kernel.Localization.csproj", "{698274DE-B23C-47E4-983E-F303B4040048}"
EndProject
Project("{FAE04EC0-301F-11D3-BF4B-00C04F79EFBC}") = "Moongazing.Kernel.Mailing", "src\Kernel\Moongazing.Kernel.Mailing\Moongazing.Kernel.Mailing.csproj", "{90871299-6961-4AE0-A674-F73CA6246F60}"
EndProject
Project("{FAE04EC0-301F-11D3-BF4B-00C04F79EFBC}") = "Moongazing.Kernel.Persistence", "src\Kernel\Moongazing.Kernel.Persistence\Moongazing.Kernel.Persistence.csproj", "{C9AD67A5-44C4-4A28-B97B-696CA264923E}"
EndProject
Project("{FAE04EC0-301F-11D3-BF4B-00C04F79EFBC}") = "Moongazing.Kernel.Security", "src\Kernel\Moongazing.Kernel.Security\Moongazing.Kernel.Security.csproj", "{5ACFB81F-8D07-48EF-9C6E-3AACEA355297}"
EndProject
Global
	GlobalSection(SolutionConfigurationPlatforms) = preSolution
		Debug|Any CPU = Debug|Any CPU
		Release|Any CPU = Release|Any CPU
	EndGlobalSection
	GlobalSection(ProjectConfigurationPlatforms) = postSolution
		{32B3DC8B-1459-4DF6-9D44-EECF57A787C8}.Debug|Any CPU.ActiveCfg = Debug|Any CPU
		{32B3DC8B-1459-4DF6-9D44-EECF57A787C8}.Debug|Any CPU.Build.0 = Debug|Any CPU
		{32B3DC8B-1459-4DF6-9D44-EECF57A787C8}.Release|Any CPU.ActiveCfg = Release|Any CPU
		{32B3DC8B-1459-4DF6-9D44-EECF57A787C8}.Release|Any CPU.Build.0 = Release|Any CPU
		{F2A913DE-C512-4062-BFFF-44286398512B}.Debug|Any CPU.ActiveCfg = Debug|Any CPU
		{F2A913DE-C512-4062-BFFF-44286398512B}.Debug|Any CPU.Build.0 = Debug|Any CPU
		{F2A913DE-C512-4062-BFFF-44286398512B}.Release|Any CPU.ActiveCfg = Release|Any CPU
		{F2A913DE-C512-4062-BFFF-44286398512B}.Release|Any CPU.Build.0 = Release|Any CPU
		{01B17062-9AA1-4157-B709-D2E2C939EA22}.Debug|Any CPU.ActiveCfg = Debug|Any CPU
		{01B17062-9AA1-4157-B709-D2E2C939EA22}.Debug|Any CPU.Build.0 = Debug|Any CPU
		{01B17062-9AA1-4157-B709-D2E2C939EA22}.Release|Any CPU.ActiveCfg = Release|Any CPU
		{01B17062-9AA1-4157-B709-D2E2C939EA22}.Release|Any CPU.Build.0 = Release|Any CPU
		{93D4D4F6-B406-444C-878A-DA61B3D6E9AC}.Debug|Any CPU.ActiveCfg = Debug|Any CPU
		{93D4D4F6-B406-444C-878A-DA61B3D6E9AC}.Debug|Any CPU.Build.0 = Debug|Any CPU
		{93D4D4F6-B406-444C-878A-DA61B3D6E9AC}.Release|Any CPU.ActiveCfg = Release|Any CPU
		{93D4D4F6-B406-444C-878A-DA61B3D6E9AC}.Release|Any CPU.Build.0 = Release|Any CPU
		{F9CD0B81-0E61-48AE-89C4-1175FC856EC7}.Debug|Any CPU.ActiveCfg = Debug|Any CPU
		{F9CD0B81-0E61-48AE-89C4-1175FC856EC7}.Debug|Any CPU.Build.0 = Debug|Any CPU
		{F9CD0B81-0E61-48AE-89C4-1175FC856EC7}.Release|Any CPU.ActiveCfg = Release|Any CPU
		{F9CD0B81-0E61-48AE-89C4-1175FC856EC7}.Release|Any CPU.Build.0 = Release|Any CPU
		{6B8CCA55-21F3-4028-A26B-F71A620A47A5}.Debug|Any CPU.ActiveCfg = Debug|Any CPU
		{6B8CCA55-21F3-4028-A26B-F71A620A47A5}.Debug|Any CPU.Build.0 = Debug|Any CPU
		{6B8CCA55-21F3-4028-A26B-F71A620A47A5}.Release|Any CPU.ActiveCfg = Release|Any CPU
		{6B8CCA55-21F3-4028-A26B-F71A620A47A5}.Release|Any CPU.Build.0 = Release|Any CPU
		{698274DE-B23C-47E4-983E-F303B4040048}.Debug|Any CPU.ActiveCfg = Debug|Any CPU
		{698274DE-B23C-47E4-983E-F303B4040048}.Debug|Any CPU.Build.0 = Debug|Any CPU
		{698274DE-B23C-47E4-983E-F303B4040048}.Release|Any CPU.ActiveCfg = Release|Any CPU
		{698274DE-B23C-47E4-983E-F303B4040048}.Release|Any CPU.Build.0 = Release|Any CPU
		{90871299-6961-4AE0-A674-F73CA6246F60}.Debug|Any CPU.ActiveCfg = Debug|Any CPU
		{90871299-6961-4AE0-A674-F73CA6246F60}.Debug|Any CPU.Build.0 = Debug|Any CPU
		{90871299-6961-4AE0-A674-F73CA6246F60}.Release|Any CPU.ActiveCfg = Release|Any CPU
		{90871299-6961-4AE0-A674-F73CA6246F60}.Release|Any CPU.Build.0 = Release|Any CPU
		{C9AD67A5-44C4-4A28-B97B-696CA264923E}.Debug|Any CPU.ActiveCfg = Debug|Any CPU
		{C9AD67A5-44C4-4A28-B97B-696CA264923E}.Debug|Any CPU.Build.0 = Debug|Any CPU
		{C9AD67A5-44C4-4A28-B97B-696CA264923E}.Release|Any CPU.ActiveCfg = Release|Any CPU
		{C9AD67A5-44C4-4A28-B97B-696CA264923E}.Release|Any CPU.Build.0 = Release|Any CPU
		{5ACFB81F-8D07-48EF-9C6E-3AACEA355297}.Debug|Any CPU.ActiveCfg = Debug|Any CPU
		{5ACFB81F-8D07-48EF-9C6E-3AACEA355297}.Debug|Any CPU.Build.0 = Debug|Any CPU
		{5ACFB81F-8D07-48EF-9C6E-3AACEA355297}.Release|Any CPU.ActiveCfg = Release|Any CPU
		{5ACFB81F-8D07-48EF-9C6E-3AACEA355297}.Release|Any CPU.Build.0 = Release|Any CPU
	EndGlobalSection
	GlobalSection(SolutionProperties) = preSolution
		HideSolutionNode = FALSE
	EndGlobalSection
	GlobalSection(NestedProjects) = preSolution
		{0086A7C8-4717-4AEB-AE5F-952DB34A3359} = {1CE28CF3-B0AE-4A19-ACBD-15EBCB57C9A3}
		{497D07FF-5EBD-4232-BE38-3DDAB6E9FA43} = {1CE28CF3-B0AE-4A19-ACBD-15EBCB57C9A3}
		{23A14013-E69A-4ACD-9051-6101A90B5B23} = {1CE28CF3-B0AE-4A19-ACBD-15EBCB57C9A3}
		{A9A78E56-D1A8-482F-B7A5-D86F7FB8D942} = {23A14013-E69A-4ACD-9051-6101A90B5B23}
		{C5D8C489-63D2-43B3-A65E-FDAB2D9C774A} = {23A14013-E69A-4ACD-9051-6101A90B5B23}
		{4CF61115-0D73-4C4F-8C48-B7EFABF11944} = {23A14013-E69A-4ACD-9051-6101A90B5B23}
		{C1ACCE71-6778-4D6C-82FC-FBF59972FB11} = {23A14013-E69A-4ACD-9051-6101A90B5B23}
		{B333D1DF-3D44-417B-B293-1EFAA64280AB} = {23A14013-E69A-4ACD-9051-6101A90B5B23}
		{32B3DC8B-1459-4DF6-9D44-EECF57A787C8} = {A9A78E56-D1A8-482F-B7A5-D86F7FB8D942}
		{E312F70B-EC23-4BFF-8B9A-89364FC94A3E} = {23A14013-E69A-4ACD-9051-6101A90B5B23}
		{F2A913DE-C512-4062-BFFF-44286398512B} = {A9A78E56-D1A8-482F-B7A5-D86F7FB8D942}
		{01B17062-9AA1-4157-B709-D2E2C939EA22} = {A9A78E56-D1A8-482F-B7A5-D86F7FB8D942}
		{93D4D4F6-B406-444C-878A-DA61B3D6E9AC} = {A9A78E56-D1A8-482F-B7A5-D86F7FB8D942}
		{F9CD0B81-0E61-48AE-89C4-1175FC856EC7} = {497D07FF-5EBD-4232-BE38-3DDAB6E9FA43}
		{6B8CCA55-21F3-4028-A26B-F71A620A47A5} = {497D07FF-5EBD-4232-BE38-3DDAB6E9FA43}
		{698274DE-B23C-47E4-983E-F303B4040048} = {497D07FF-5EBD-4232-BE38-3DDAB6E9FA43}
		{90871299-6961-4AE0-A674-F73CA6246F60} = {497D07FF-5EBD-4232-BE38-3DDAB6E9FA43}
		{C9AD67A5-44C4-4A28-B97B-696CA264923E} = {497D07FF-5EBD-4232-BE38-3DDAB6E9FA43}
		{5ACFB81F-8D07-48EF-9C6E-3AACEA355297} = {497D07FF-5EBD-4232-BE38-3DDAB6E9FA43}
	EndGlobalSection
EndGlobal
